
Microsoft Visual Studio Solution File, Format Version 12.00
# Visual Studio Version 17
VisualStudioVersion = 17.0.31919.166
MinimumVisualStudioVersion = 10.0.40219.1
Project("{FAE04EC0-301F-11D3-BF4B-00C04F79EFBC}") = "CarnotExcel", "CarnotExcel\CarnotExcel.csproj", "{7066E441-37E7-462B-8899-A69BABF9F77F}"
EndProject
Global
	GlobalSection(SolutionConfigurationPlatforms) = preSolution
		Debug|Any CPU = Debug|Any CPU
		Release|Any CPU = Release|Any CPU
	EndGlobalSection
	GlobalSection(ProjectConfigurationPlatforms) = postSolution
		{7066E441-37E7-462B-8899-A69BABF9F77F}.Debug|Any CPU.ActiveCfg = Debug|Any CPU
		{7066E441-37E7-462B-8899-A69BABF9F77F}.Debug|Any CPU.Build.0 = Debug|Any CPU
		{7066E441-37E7-462B-8899-A69BABF9F77F}.Release|Any CPU.ActiveCfg = Release|Any CPU
		{7066E441-37E7-462B-8899-A69BABF9F77F}.Release|Any CPU.Build.0 = Release|Any CPU
	EndGlobalSection
	GlobalSection(SolutionProperties) = preSolution
		HideSolutionNode = FALSE
	EndGlobalSection
	GlobalSection(ExtensibilityGlobals) = postSolution
		SolutionGuid = {940941C8-A1B7-4CBC-AA26-7FE553572A08}
	EndGlobalSection
EndGlobal
